// !$*UTF8*$!
{
	archiveVersion = 1;
	classes = {
	};
	objectVersion = 54;
	objects = {

/* Begin PBXBuildFile section */
		05F324BCDE17E6DCCB222FC3 /* Pods_DfontSplitter.framework in Frameworks */ = {isa = PBXBuildFile; fileRef = BF3B64AE1638E4398DD85CE8 /* Pods_DfontSplitter.framework */; };
		70D70ED628BCFFC7000880F5 /* Preferences.storyboard in Resources */ = {isa = PBXBuildFile; fileRef = 70D70ED828BCFFC7000880F5 /* Preferences.storyboard */; };
		70D70EDB28BCFFFB000880F5 /* Acknowledgements.storyboard in Resources */ = {isa = PBXBuildFile; fileRef = 70D70EDD28BCFFFB000880F5 /* Acknowledgements.storyboard */; };
		D0035564228049B900159AD6 /* fondups.c in Sources */ = {isa = PBXBuildFile; fileRef = D003554D2280497B00159AD6 /* fondups.c */; };
		D0035565228049BC00159AD6 /* fondu.c in Sources */ = {isa = PBXBuildFile; fileRef = D00355562280497B00159AD6 /* fondu.c */; };
		D0035566228049DF00159AD6 /* readnfnt.c in Sources */ = {isa = PBXBuildFile; fileRef = D003555F2280497B00159AD6 /* readnfnt.c */; };
		D059908224A539FC00CB71B5 /* main.swift in Sources */ = {isa = PBXBuildFile; fileRef = D059908124A539FC00CB71B5 /* main.swift */; };
		D07E39E324CDA3E2009D4341 /* DfontSplitterUITests.swift in Sources */ = {isa = PBXBuildFile; fileRef = D07E39E224CDA3E2009D4341 /* DfontSplitterUITests.swift */; };
		D087A550219567B2003C24DA /* AppDelegate.swift in Sources */ = {isa = PBXBuildFile; fileRef = D087A54F219567B2003C24DA /* AppDelegate.swift */; };
		D087A552219567B2003C24DA /* ViewController.swift in Sources */ = {isa = PBXBuildFile; fileRef = D087A551219567B2003C24DA /* ViewController.swift */; };
		D087A554219567B4003C24DA /* Assets.xcassets in Resources */ = {isa = PBXBuildFile; fileRef = D087A553219567B4003C24DA /* Assets.xcassets */; };
		D087A557219567B4003C24DA /* Main.storyboard in Resources */ = {isa = PBXBuildFile; fileRef = D087A555219567B4003C24DA /* Main.storyboard */; };
		D087A563219567B4003C24DA /* DfontSplitterTests.swift in Sources */ = {isa = PBXBuildFile; fileRef = D087A562219567B4003C24DA /* DfontSplitterTests.swift */; };
		D09306D622039FB400D939E6 /* CoreServices.framework in Frameworks */ = {isa = PBXBuildFile; fileRef = D09306D522039FB400D939E6 /* CoreServices.framework */; };
		D09306D822039FC200D939E6 /* Carbon.framework in Frameworks */ = {isa = PBXBuildFile; fileRef = D09306D722039FC200D939E6 /* Carbon.framework */; };
		D09306DA2203A6D100D939E6 /* DragDropTableView.swift in Sources */ = {isa = PBXBuildFile; fileRef = D09306D92203A6D100D939E6 /* DragDropTableView.swift */; };
		D0A19E69247EE86400B8464C /* Utils.swift in Sources */ = {isa = PBXBuildFile; fileRef = D0A19E68247EE86400B8464C /* Utils.swift */; };
		D0A19E6C247EF46600B8464C /* NonRedistTests.swift in Sources */ = {isa = PBXBuildFile; fileRef = D0A19E6B247EF46600B8464C /* NonRedistTests.swift */; };
		D0A32D5F232F4E0A0037A067 /* AcknowledgementsWindowController.swift in Sources */ = {isa = PBXBuildFile; fileRef = D0A32D5E232F4E0A0037A067 /* AcknowledgementsWindowController.swift */; };
		D0A32D61232F52120037A067 /* AcknowledgementsViewController.swift in Sources */ = {isa = PBXBuildFile; fileRef = D0A32D60232F52120037A067 /* AcknowledgementsViewController.swift */; };
		D0A80D0F24A787B700C7722C /* fondu.c in Sources */ = {isa = PBXBuildFile; fileRef = D00355562280497B00159AD6 /* fondu.c */; };
		D0A80D1024A787FD00C7722C /* stripttc.c in Sources */ = {isa = PBXBuildFile; fileRef = D0DDA4A322C8828E00A113B7 /* stripttc.c */; };
		D0A80D1124A7880100C7722C /* fondups.c in Sources */ = {isa = PBXBuildFile; fileRef = D003554D2280497B00159AD6 /* fondups.c */; };
		D0A80D1224A7880900C7722C /* readnfnt.c in Sources */ = {isa = PBXBuildFile; fileRef = D003555F2280497B00159AD6 /* readnfnt.c */; };
		D0DDA4A422C8828E00A113B7 /* stripttc.h in Headers */ = {isa = PBXBuildFile; fileRef = D0DDA4A222C8828E00A113B7 /* stripttc.h */; };
		D0DDA4A522C8828E00A113B7 /* stripttc.c in Sources */ = {isa = PBXBuildFile; fileRef = D0DDA4A322C8828E00A113B7 /* stripttc.c */; };
		D0DDA4A922C88AF700A113B7 /* Podfile in Resources */ = {isa = PBXBuildFile; fileRef = D0DDA4A822C88AF600A113B7 /* Podfile */; };
		D0FA4EC722C88F4B00FCC02B /* dsa_pub.pem in Resources */ = {isa = PBXBuildFile; fileRef = D0FA4EC622C88F4900FCC02B /* dsa_pub.pem */; };
		D0FA4ECD22C91A9D00FCC02B /* PreferencesWindowController.swift in Sources */ = {isa = PBXBuildFile; fileRef = D0FA4ECC22C91A9D00FCC02B /* PreferencesWindowController.swift */; };
		D0FA4ECF22C9207100FCC02B /* PreferencesViewController.swift in Sources */ = {isa = PBXBuildFile; fileRef = D0FA4ECE22C9207100FCC02B /* PreferencesViewController.swift */; };
		F73BA3AA2A55D4F104D4DE43 /* Pods_DfontSplitterTests.framework in Frameworks */ = {isa = PBXBuildFile; fileRef = D0CBE25D22AE99E0F157535A /* Pods_DfontSplitterTests.framework */; };
		F9A9BF9CBF8231A21442174F /* Pods_DfontSplitter_embedded_fondu.framework in Frameworks */ = {isa = PBXBuildFile; fileRef = C2EBC7485C72BD97EBC13803 /* Pods_DfontSplitter_embedded_fondu.framework */; };
/* End PBXBuildFile section */

/* Begin PBXContainerItemProxy section */
		D07E39E524CDA3E2009D4341 /* PBXContainerItemProxy */ = {
			isa = PBXContainerItemProxy;
			containerPortal = D087A544219567B2003C24DA /* Project object */;
			proxyType = 1;
			remoteGlobalIDString = D087A54B219567B2003C24DA;
			remoteInfo = DfontSplitter;
		};
		D087A55F219567B4003C24DA /* PBXContainerItemProxy */ = {
			isa = PBXContainerItemProxy;
			containerPortal = D087A544219567B2003C24DA /* Project object */;
			proxyType = 1;
			remoteGlobalIDString = D087A54B219567B2003C24DA;
			remoteInfo = DfontSplitter;
		};
		D0A80D0D24A785F500C7722C /* PBXContainerItemProxy */ = {
			isa = PBXContainerItemProxy;
			containerPortal = D087A544219567B2003C24DA /* Project object */;
			proxyType = 1;
			remoteGlobalIDString = D087A54B219567B2003C24DA;
			remoteInfo = DfontSplitter;
		};
/* End PBXContainerItemProxy section */

/* Begin PBXCopyFilesBuildPhase section */
		D059907D24A539FC00CB71B5 /* CopyFiles */ = {
			isa = PBXCopyFilesBuildPhase;
			buildActionMask = 2147483647;
			dstPath = /usr/share/man/man1/;
			dstSubfolderSpec = 0;
			files = (
			);
			runOnlyForDeploymentPostprocessing = 1;
		};
		D09306962203998600D939E6 /* CopyFiles */ = {
			isa = PBXCopyFilesBuildPhase;
			buildActionMask = 2147483647;
			dstPath = /usr/share/man/man1/;
			dstSubfolderSpec = 0;
			files = (
			);
			runOnlyForDeploymentPostprocessing = 1;
		};
/* End PBXCopyFilesBuildPhase section */

/* Begin PBXFileReference section */
		2D621D1FB683FCD5B91C654C /* Pods_DfontSplitterUITests.framework */ = {isa = PBXFileReference; explicitFileType = wrapper.framework; includeInIndex = 0; path = Pods_DfontSplitterUITests.framework; sourceTree = BUILT_PRODUCTS_DIR; };
		362AC96289C0162E3B69918E /* Pods-DfontSplitter-embedded-fondu.debug.xcconfig */ = {isa = PBXFileReference; includeInIndex = 1; lastKnownFileType = text.xcconfig; name = "Pods-DfontSplitter-embedded-fondu.debug.xcconfig"; path = "Pods/Target Support Files/Pods-DfontSplitter-embedded-fondu/Pods-DfontSplitter-embedded-fondu.debug.xcconfig"; sourceTree = "<group>"; };
		704B170429D8BEF0001FCB44 /* en-GB */ = {isa = PBXFileReference; lastKnownFileType = text.plist.strings; name = "en-GB"; path = "en-GB.lproj/Preferences.strings"; sourceTree = "<group>"; };
		704B170529D8BEF0001FCB44 /* en-GB */ = {isa = PBXFileReference; lastKnownFileType = text.plist.strings; name = "en-GB"; path = "en-GB.lproj/Main.strings"; sourceTree = "<group>"; };
		704B170629D8BEF0001FCB44 /* en-GB */ = {isa = PBXFileReference; lastKnownFileType = text.plist.strings; name = "en-GB"; path = "en-GB.lproj/Acknowledgements.strings"; sourceTree = "<group>"; };
		704B170729D8BF01001FCB44 /* en-US */ = {isa = PBXFileReference; lastKnownFileType = text.plist.strings; name = "en-US"; path = "en-US.lproj/Preferences.strings"; sourceTree = "<group>"; };
		704B170829D8BF01001FCB44 /* en-US */ = {isa = PBXFileReference; lastKnownFileType = text.plist.strings; name = "en-US"; path = "en-US.lproj/Main.strings"; sourceTree = "<group>"; };
		704B170929D8BF01001FCB44 /* en-US */ = {isa = PBXFileReference; lastKnownFileType = text.plist.strings; name = "en-US"; path = "en-US.lproj/Acknowledgements.strings"; sourceTree = "<group>"; };
		70D70ED728BCFFC7000880F5 /* Base */ = {isa = PBXFileReference; lastKnownFileType = file.storyboard; name = Base; path = Base.lproj/Preferences.storyboard; sourceTree = "<group>"; };
		70D70EDA28BCFFCC000880F5 /* en */ = {isa = PBXFileReference; lastKnownFileType = text.plist.strings; name = en; path = en.lproj/Preferences.strings; sourceTree = "<group>"; };
		70D70EDC28BCFFFB000880F5 /* Base */ = {isa = PBXFileReference; lastKnownFileType = file.storyboard; name = Base; path = Base.lproj/Acknowledgements.storyboard; sourceTree = "<group>"; };
		70D70EDF28BCFFFF000880F5 /* en */ = {isa = PBXFileReference; lastKnownFileType = text.plist.strings; name = en; path = en.lproj/Acknowledgements.strings; sourceTree = "<group>"; };
		70D70EE028BD001C000880F5 /* ja */ = {isa = PBXFileReference; lastKnownFileType = text.plist.strings; name = ja; path = ja.lproj/Preferences.strings; sourceTree = "<group>"; };
		70D70EE128BD001C000880F5 /* ja */ = {isa = PBXFileReference; lastKnownFileType = text.plist.strings; name = ja; path = ja.lproj/Main.strings; sourceTree = "<group>"; };
		70D70EE228BD001C000880F5 /* ja */ = {isa = PBXFileReference; lastKnownFileType = text.plist.strings; name = ja; path = ja.lproj/Acknowledgements.strings; sourceTree = "<group>"; };
		70D70EE428BD0022000880F5 /* en */ = {isa = PBXFileReference; lastKnownFileType = text.plist.strings; name = en; path = en.lproj/Main.strings; sourceTree = "<group>"; };
		75329A30D10C8F4D9D7ECA29 /* Pods-DfontSplitter.debug.xcconfig */ = {isa = PBXFileReference; includeInIndex = 1; lastKnownFileType = text.xcconfig; name = "Pods-DfontSplitter.debug.xcconfig"; path = "Pods/Target Support Files/Pods-DfontSplitter/Pods-DfontSplitter.debug.xcconfig"; sourceTree = "<group>"; };
		97CA0132BF6DB3484AED35E0 /* Pods-DfontSplitterTests.debug.xcconfig */ = {isa = PBXFileReference; includeInIndex = 1; lastKnownFileType = text.xcconfig; name = "Pods-DfontSplitterTests.debug.xcconfig"; path = "Pods/Target Support Files/Pods-DfontSplitterTests/Pods-DfontSplitterTests.debug.xcconfig"; sourceTree = "<group>"; };
		9AED2C7D8517FAB295EC5F9E /* Pods-DfontSplitterUITests.release.xcconfig */ = {isa = PBXFileReference; includeInIndex = 1; lastKnownFileType = text.xcconfig; name = "Pods-DfontSplitterUITests.release.xcconfig"; path = "Pods/Target Support Files/Pods-DfontSplitterUITests/Pods-DfontSplitterUITests.release.xcconfig"; sourceTree = "<group>"; };
		9E116242642845A209675A2A /* Pods-DfontSplitterTests.release.xcconfig */ = {isa = PBXFileReference; includeInIndex = 1; lastKnownFileType = text.xcconfig; name = "Pods-DfontSplitterTests.release.xcconfig"; path = "Pods/Target Support Files/Pods-DfontSplitterTests/Pods-DfontSplitterTests.release.xcconfig"; sourceTree = "<group>"; };
		BF3B64AE1638E4398DD85CE8 /* Pods_DfontSplitter.framework */ = {isa = PBXFileReference; explicitFileType = wrapper.framework; includeInIndex = 0; path = Pods_DfontSplitter.framework; sourceTree = BUILT_PRODUCTS_DIR; };
		C0C05D65DE28E8F431F9511A /* Pods-DfontSplitterUITests.debug.xcconfig */ = {isa = PBXFileReference; includeInIndex = 1; lastKnownFileType = text.xcconfig; name = "Pods-DfontSplitterUITests.debug.xcconfig"; path = "Pods/Target Support Files/Pods-DfontSplitterUITests/Pods-DfontSplitterUITests.debug.xcconfig"; sourceTree = "<group>"; };
		C2EBC7485C72BD97EBC13803 /* Pods_DfontSplitter_embedded_fondu.framework */ = {isa = PBXFileReference; explicitFileType = wrapper.framework; includeInIndex = 0; path = Pods_DfontSplitter_embedded_fondu.framework; sourceTree = BUILT_PRODUCTS_DIR; };
		D003553B2280497B00159AD6 /* fondu-patch */ = {isa = PBXFileReference; lastKnownFileType = text; path = "fondu-patch"; sourceTree = "<group>"; };
		D003553C2280497B00159AD6 /* install-sh */ = {isa = PBXFileReference; lastKnownFileType = text.script.sh; path = "install-sh"; sourceTree = "<group>"; };
		D003553D2280497B00159AD6 /* showfond.c */ = {isa = PBXFileReference; lastKnownFileType = sourcecode.c.c; path = showfond.c; sourceTree = "<group>"; };
		D003553E2280497B00159AD6 /* test.swift */ = {isa = PBXFileReference; lastKnownFileType = sourcecode.swift; path = test.swift; sourceTree = "<group>"; };
		D003553F2280497B00159AD6 /* ufondbdf.c */ = {isa = PBXFileReference; lastKnownFileType = sourcecode.c.c; path = ufondbdf.c; sourceTree = "<group>"; };
		D00355402280497B00159AD6 /* LICENSE */ = {isa = PBXFileReference; lastKnownFileType = text; path = LICENSE; sourceTree = "<group>"; };
		D00355412280497B00159AD6 /* fondu.h */ = {isa = PBXFileReference; lastKnownFileType = sourcecode.c.h; path = fondu.h; sourceTree = "<group>"; };
		D00355422280497B00159AD6 /* configure */ = {isa = PBXFileReference; lastKnownFileType = text.script.sh; path = configure; sourceTree = "<group>"; };
		D00355432280497B00159AD6 /* fondu.1 */ = {isa = PBXFileReference; lastKnownFileType = text.man; path = fondu.1; sourceTree = "<group>"; };
		D00355442280497B00159AD6 /* frombin.1 */ = {isa = PBXFileReference; lastKnownFileType = text.man; path = frombin.1; sourceTree = "<group>"; };
		D00355452280497B00159AD6 /* MacFiles.h */ = {isa = PBXFileReference; lastKnownFileType = sourcecode.c.h; path = MacFiles.h; sourceTree = "<group>"; };
		D00355462280497B00159AD6 /* frommacbinary.c */ = {isa = PBXFileReference; lastKnownFileType = sourcecode.c.c; path = frommacbinary.c; sourceTree = "<group>"; };
		D00355472280497B00159AD6 /* setfondname.c */ = {isa = PBXFileReference; lastKnownFileType = sourcecode.c.c; path = setfondname.c; sourceTree = "<group>"; };
		D00355482280497B00159AD6 /* lumper.c */ = {isa = PBXFileReference; lastKnownFileType = sourcecode.c.c; path = lumper.c; sourceTree = "<group>"; };
		D00355492280497B00159AD6 /* ufond.1 */ = {isa = PBXFileReference; lastKnownFileType = text.man; path = ufond.1; sourceTree = "<group>"; };
		D003554A2280497B00159AD6 /* config.guess */ = {isa = PBXFileReference; lastKnownFileType = text.script.sh; path = config.guess; sourceTree = "<group>"; };
		D003554B2280497B00159AD6 /* ufond.h */ = {isa = PBXFileReference; lastKnownFileType = sourcecode.c.h; path = ufond.h; sourceTree = "<group>"; };
		D003554C2280497B00159AD6 /* tomacbinary.c */ = {isa = PBXFileReference; lastKnownFileType = sourcecode.c.c; path = tomacbinary.c; sourceTree = "<group>"; };
		D003554D2280497B00159AD6 /* fondups.c */ = {isa = PBXFileReference; lastKnownFileType = sourcecode.c.c; path = fondups.c; sourceTree = "<group>"; };
		D003554E2280497B00159AD6 /* README */ = {isa = PBXFileReference; lastKnownFileType = text; path = README; sourceTree = "<group>"; };
		D003554F2280497B00159AD6 /* configure.in */ = {isa = PBXFileReference; lastKnownFileType = text; path = configure.in; sourceTree = "<group>"; };
		D00355502280497B00159AD6 /* dfont2res.1 */ = {isa = PBXFileReference; lastKnownFileType = text.man; path = dfont2res.1; sourceTree = "<group>"; };
		D00355512280497B00159AD6 /* tobin.1 */ = {isa = PBXFileReference; lastKnownFileType = text.man; path = tobin.1; sourceTree = "<group>"; };
		D00355522280497B00159AD6 /* config.status */ = {isa = PBXFileReference; lastKnownFileType = text.script.sh; path = config.status; sourceTree = "<group>"; };
		D00355532280497B00159AD6 /* DfontSplitter-embedded-fondu-Bridging-Header.h */ = {isa = PBXFileReference; lastKnownFileType = sourcecode.c.h; path = "DfontSplitter-embedded-fondu-Bridging-Header.h"; sourceTree = "<group>"; };
		D00355542280497B00159AD6 /* config.sub */ = {isa = PBXFileReference; lastKnownFileType = text.script.sh; path = config.sub; sourceTree = "<group>"; };
		D00355552280497B00159AD6 /* VERSION */ = {isa = PBXFileReference; lastKnownFileType = text; path = VERSION; sourceTree = "<group>"; };
		D00355562280497B00159AD6 /* fondu.c */ = {isa = PBXFileReference; lastKnownFileType = sourcecode.c.c; path = fondu.c; sourceTree = "<group>"; };
		D00355572280497B00159AD6 /* showfond.1 */ = {isa = PBXFileReference; lastKnownFileType = text.man; path = showfond.1; sourceTree = "<group>"; };
		D00355582280497B00159AD6 /* ufondttf.c */ = {isa = PBXFileReference; lastKnownFileType = sourcecode.c.c; path = ufondttf.c; sourceTree = "<group>"; };
		D00355592280497B00159AD6 /* config.log */ = {isa = PBXFileReference; lastKnownFileType = text; path = config.log; sourceTree = "<group>"; };
		D003555A2280497B00159AD6 /* lumper.1 */ = {isa = PBXFileReference; lastKnownFileType = text.man; path = lumper.1; sourceTree = "<group>"; };
		D003555B2280497B00159AD6 /* ufondpfb.c */ = {isa = PBXFileReference; lastKnownFileType = sourcecode.c.c; path = ufondpfb.c; sourceTree = "<group>"; };
		D003555C2280497B00159AD6 /* macfonts.h */ = {isa = PBXFileReference; lastKnownFileType = sourcecode.c.h; path = macfonts.h; sourceTree = "<group>"; };
		D003555D2280497B00159AD6 /* crctab.c */ = {isa = PBXFileReference; lastKnownFileType = sourcecode.c.c; path = crctab.c; sourceTree = "<group>"; };
		D003555E2280497B00159AD6 /* psfont.h */ = {isa = PBXFileReference; lastKnownFileType = sourcecode.c.h; path = psfont.h; sourceTree = "<group>"; };
		D003555F2280497B00159AD6 /* readnfnt.c */ = {isa = PBXFileReference; lastKnownFileType = sourcecode.c.c; path = readnfnt.c; sourceTree = "<group>"; };
		D00355602280497B00159AD6 /* Makefile.in */ = {isa = PBXFileReference; lastKnownFileType = text; path = Makefile.in; sourceTree = "<group>"; };
		D00355612280497B00159AD6 /* dfont2res.c */ = {isa = PBXFileReference; lastKnownFileType = sourcecode.c.c; path = dfont2res.c; sourceTree = "<group>"; };
		D00355622280497B00159AD6 /* res2data.c */ = {isa = PBXFileReference; lastKnownFileType = sourcecode.c.c; path = res2data.c; sourceTree = "<group>"; };
		D00355632280497B00159AD6 /* ufond.c */ = {isa = PBXFileReference; lastKnownFileType = sourcecode.c.c; path = ufond.c; sourceTree = "<group>"; };
		D00DAC0B228046310069B1E2 /* DfontSplitter-embedded-fondu-Bridging-Header.h */ = {isa = PBXFileReference; lastKnownFileType = sourcecode.c.h; path = "DfontSplitter-embedded-fondu-Bridging-Header.h"; sourceTree = "<group>"; };
		D059907F24A539FC00CB71B5 /* DfontSplitterCLI */ = {isa = PBXFileReference; explicitFileType = "compiled.mach-o.executable"; includeInIndex = 0; path = DfontSplitterCLI; sourceTree = BUILT_PRODUCTS_DIR; };
		D059908124A539FC00CB71B5 /* main.swift */ = {isa = PBXFileReference; lastKnownFileType = sourcecode.swift; path = main.swift; sourceTree = "<group>"; };
		D07E39E024CDA3E2009D4341 /* DfontSplitterUITests.xctest */ = {isa = PBXFileReference; explicitFileType = wrapper.cfbundle; includeInIndex = 0; path = DfontSplitterUITests.xctest; sourceTree = BUILT_PRODUCTS_DIR; };
		D07E39E224CDA3E2009D4341 /* DfontSplitterUITests.swift */ = {isa = PBXFileReference; lastKnownFileType = sourcecode.swift; path = DfontSplitterUITests.swift; sourceTree = "<group>"; };
		D07E39E424CDA3E2009D4341 /* Info.plist */ = {isa = PBXFileReference; lastKnownFileType = text.plist.xml; path = Info.plist; sourceTree = "<group>"; };
		D087A54C219567B2003C24DA /* DfontSplitter.app */ = {isa = PBXFileReference; explicitFileType = wrapper.application; includeInIndex = 0; path = DfontSplitter.app; sourceTree = BUILT_PRODUCTS_DIR; };
		D087A54F219567B2003C24DA /* AppDelegate.swift */ = {isa = PBXFileReference; lastKnownFileType = sourcecode.swift; path = AppDelegate.swift; sourceTree = "<group>"; };
		D087A551219567B2003C24DA /* ViewController.swift */ = {isa = PBXFileReference; lastKnownFileType = sourcecode.swift; path = ViewController.swift; sourceTree = "<group>"; };
		D087A553219567B4003C24DA /* Assets.xcassets */ = {isa = PBXFileReference; lastKnownFileType = folder.assetcatalog; path = Assets.xcassets; sourceTree = "<group>"; };
		D087A556219567B4003C24DA /* Base */ = {isa = PBXFileReference; lastKnownFileType = file.storyboard; name = Base; path = Base.lproj/Main.storyboard; sourceTree = "<group>"; };
		D087A558219567B4003C24DA /* Info.plist */ = {isa = PBXFileReference; lastKnownFileType = text.plist.xml; path = Info.plist; sourceTree = "<group>"; };
		D087A559219567B4003C24DA /* DfontSplitter.entitlements */ = {isa = PBXFileReference; lastKnownFileType = text.plist.entitlements; path = DfontSplitter.entitlements; sourceTree = "<group>"; };
		D087A55E219567B4003C24DA /* DfontSplitterTests.xctest */ = {isa = PBXFileReference; explicitFileType = wrapper.cfbundle; includeInIndex = 0; path = DfontSplitterTests.xctest; sourceTree = BUILT_PRODUCTS_DIR; };
		D087A562219567B4003C24DA /* DfontSplitterTests.swift */ = {isa = PBXFileReference; lastKnownFileType = sourcecode.swift; path = DfontSplitterTests.swift; sourceTree = "<group>"; };
		D087A564219567B4003C24DA /* Info.plist */ = {isa = PBXFileReference; lastKnownFileType = text.plist.xml; path = Info.plist; sourceTree = "<group>"; };
		D09306982203998600D939E6 /* DfontSplitter-embedded-fondu */ = {isa = PBXFileReference; explicitFileType = "compiled.mach-o.executable"; includeInIndex = 0; path = "DfontSplitter-embedded-fondu"; sourceTree = BUILT_PRODUCTS_DIR; };
		D09306D522039FB400D939E6 /* CoreServices.framework */ = {isa = PBXFileReference; lastKnownFileType = wrapper.framework; name = CoreServices.framework; path = System/Library/Frameworks/CoreServices.framework; sourceTree = SDKROOT; };
		D09306D722039FC200D939E6 /* Carbon.framework */ = {isa = PBXFileReference; lastKnownFileType = wrapper.framework; name = Carbon.framework; path = System/Library/Frameworks/Carbon.framework; sourceTree = SDKROOT; };
		D09306D92203A6D100D939E6 /* DragDropTableView.swift */ = {isa = PBXFileReference; lastKnownFileType = sourcecode.swift; path = DragDropTableView.swift; sourceTree = "<group>"; };
		D0A19E67247EE3EF00B8464C /* TestPlan.xctestplan */ = {isa = PBXFileReference; lastKnownFileType = text; path = TestPlan.xctestplan; sourceTree = "<group>"; };
		D0A19E68247EE86400B8464C /* Utils.swift */ = {isa = PBXFileReference; lastKnownFileType = sourcecode.swift; path = Utils.swift; sourceTree = "<group>"; };
		D0A19E6B247EF46600B8464C /* NonRedistTests.swift */ = {isa = PBXFileReference; lastKnownFileType = sourcecode.swift; path = NonRedistTests.swift; sourceTree = "<group>"; };
		D0A32D5E232F4E0A0037A067 /* AcknowledgementsWindowController.swift */ = {isa = PBXFileReference; lastKnownFileType = sourcecode.swift; path = AcknowledgementsWindowController.swift; sourceTree = "<group>"; };
		D0A32D60232F52120037A067 /* AcknowledgementsViewController.swift */ = {isa = PBXFileReference; lastKnownFileType = sourcecode.swift; path = AcknowledgementsViewController.swift; sourceTree = "<group>"; };
		D0CBE25D22AE99E0F157535A /* Pods_DfontSplitterTests.framework */ = {isa = PBXFileReference; explicitFileType = wrapper.framework; includeInIndex = 0; path = Pods_DfontSplitterTests.framework; sourceTree = BUILT_PRODUCTS_DIR; };
		D0DDA4A222C8828E00A113B7 /* stripttc.h */ = {isa = PBXFileReference; lastKnownFileType = sourcecode.c.h; path = stripttc.h; sourceTree = "<group>"; };
		D0DDA4A322C8828E00A113B7 /* stripttc.c */ = {isa = PBXFileReference; lastKnownFileType = sourcecode.c.c; path = stripttc.c; sourceTree = "<group>"; };
		D0DDA4A822C88AF600A113B7 /* Podfile */ = {isa = PBXFileReference; fileEncoding = 4; lastKnownFileType = text; path = Podfile; sourceTree = "<group>"; xcLanguageSpecificationIdentifier = xcode.lang.ruby; };
		D0FA4EC622C88F4900FCC02B /* dsa_pub.pem */ = {isa = PBXFileReference; lastKnownFileType = text; path = dsa_pub.pem; sourceTree = "<group>"; };
		D0FA4ECC22C91A9D00FCC02B /* PreferencesWindowController.swift */ = {isa = PBXFileReference; lastKnownFileType = sourcecode.swift; path = PreferencesWindowController.swift; sourceTree = "<group>"; };
		D0FA4ECE22C9207100FCC02B /* PreferencesViewController.swift */ = {isa = PBXFileReference; lastKnownFileType = sourcecode.swift; path = PreferencesViewController.swift; sourceTree = "<group>"; };
		D9A13CC1AE96D971FD71B056 /* Pods-DfontSplitter-embedded-fondu.release.xcconfig */ = {isa = PBXFileReference; includeInIndex = 1; lastKnownFileType = text.xcconfig; name = "Pods-DfontSplitter-embedded-fondu.release.xcconfig"; path = "Pods/Target Support Files/Pods-DfontSplitter-embedded-fondu/Pods-DfontSplitter-embedded-fondu.release.xcconfig"; sourceTree = "<group>"; };
		DC99AE0B973E171FA53A2F9D /* Pods-DfontSplitter.release.xcconfig */ = {isa = PBXFileReference; includeInIndex = 1; lastKnownFileType = text.xcconfig; name = "Pods-DfontSplitter.release.xcconfig"; path = "Pods/Target Support Files/Pods-DfontSplitter/Pods-DfontSplitter.release.xcconfig"; sourceTree = "<group>"; };
/* End PBXFileReference section */

/* Begin PBXFrameworksBuildPhase section */
		D059907C24A539FC00CB71B5 /* Frameworks */ = {
			isa = PBXFrameworksBuildPhase;
			buildActionMask = 2147483647;
			files = (
			);
			runOnlyForDeploymentPostprocessing = 0;
		};
		D07E39DD24CDA3E2009D4341 /* Frameworks */ = {
			isa = PBXFrameworksBuildPhase;
			buildActionMask = 2147483647;
			files = (
			);
			runOnlyForDeploymentPostprocessing = 0;
		};
		D087A549219567B2003C24DA /* Frameworks */ = {
			isa = PBXFrameworksBuildPhase;
			buildActionMask = 2147483647;
			files = (
				05F324BCDE17E6DCCB222FC3 /* Pods_DfontSplitter.framework in Frameworks */,
			);
			runOnlyForDeploymentPostprocessing = 0;
		};
		D087A55B219567B4003C24DA /* Frameworks */ = {
			isa = PBXFrameworksBuildPhase;
			buildActionMask = 2147483647;
			files = (
				F73BA3AA2A55D4F104D4DE43 /* Pods_DfontSplitterTests.framework in Frameworks */,
			);
			runOnlyForDeploymentPostprocessing = 0;
		};
		D09306952203998600D939E6 /* Frameworks */ = {
			isa = PBXFrameworksBuildPhase;
			buildActionMask = 2147483647;
			files = (
				D09306D822039FC200D939E6 /* Carbon.framework in Frameworks */,
				D09306D622039FB400D939E6 /* CoreServices.framework in Frameworks */,
				F9A9BF9CBF8231A21442174F /* Pods_DfontSplitter_embedded_fondu.framework in Frameworks */,
			);
			runOnlyForDeploymentPostprocessing = 0;
		};
/* End PBXFrameworksBuildPhase section */

/* Begin PBXGroup section */
		A85F13BCCFF490F7F66B0D3E /* Pods */ = {
			isa = PBXGroup;
			children = (
				75329A30D10C8F4D9D7ECA29 /* Pods-DfontSplitter.debug.xcconfig */,
				DC99AE0B973E171FA53A2F9D /* Pods-DfontSplitter.release.xcconfig */,
				362AC96289C0162E3B69918E /* Pods-DfontSplitter-embedded-fondu.debug.xcconfig */,
				D9A13CC1AE96D971FD71B056 /* Pods-DfontSplitter-embedded-fondu.release.xcconfig */,
				97CA0132BF6DB3484AED35E0 /* Pods-DfontSplitterTests.debug.xcconfig */,
				9E116242642845A209675A2A /* Pods-DfontSplitterTests.release.xcconfig */,
				C0C05D65DE28E8F431F9511A /* Pods-DfontSplitterUITests.debug.xcconfig */,
				9AED2C7D8517FAB295EC5F9E /* Pods-DfontSplitterUITests.release.xcconfig */,
			);
			name = Pods;
			sourceTree = "<group>";
		};
		D003553A2280497B00159AD6 /* DfontSplitter-embedded-fondu */ = {
			isa = PBXGroup;
			children = (
				D003553B2280497B00159AD6 /* fondu-patch */,
				D003553C2280497B00159AD6 /* install-sh */,
				D003553D2280497B00159AD6 /* showfond.c */,
				D003553E2280497B00159AD6 /* test.swift */,
				D003553F2280497B00159AD6 /* ufondbdf.c */,
				D00355402280497B00159AD6 /* LICENSE */,
				D00355412280497B00159AD6 /* fondu.h */,
				D00355422280497B00159AD6 /* configure */,
				D00355432280497B00159AD6 /* fondu.1 */,
				D00355442280497B00159AD6 /* frombin.1 */,
				D00355452280497B00159AD6 /* MacFiles.h */,
				D00355462280497B00159AD6 /* frommacbinary.c */,
				D00355472280497B00159AD6 /* setfondname.c */,
				D00355482280497B00159AD6 /* lumper.c */,
				D00355492280497B00159AD6 /* ufond.1 */,
				D003554A2280497B00159AD6 /* config.guess */,
				D003554B2280497B00159AD6 /* ufond.h */,
				D003554C2280497B00159AD6 /* tomacbinary.c */,
				D003554D2280497B00159AD6 /* fondups.c */,
				D003554E2280497B00159AD6 /* README */,
				D003554F2280497B00159AD6 /* configure.in */,
				D00355502280497B00159AD6 /* dfont2res.1 */,
				D00355512280497B00159AD6 /* tobin.1 */,
				D00355522280497B00159AD6 /* config.status */,
				D00355532280497B00159AD6 /* DfontSplitter-embedded-fondu-Bridging-Header.h */,
				D00355542280497B00159AD6 /* config.sub */,
				D00355552280497B00159AD6 /* VERSION */,
				D00355562280497B00159AD6 /* fondu.c */,
				D00355572280497B00159AD6 /* showfond.1 */,
				D00355582280497B00159AD6 /* ufondttf.c */,
				D00355592280497B00159AD6 /* config.log */,
				D003555A2280497B00159AD6 /* lumper.1 */,
				D003555B2280497B00159AD6 /* ufondpfb.c */,
				D003555C2280497B00159AD6 /* macfonts.h */,
				D003555D2280497B00159AD6 /* crctab.c */,
				D003555E2280497B00159AD6 /* psfont.h */,
				D003555F2280497B00159AD6 /* readnfnt.c */,
				D00355602280497B00159AD6 /* Makefile.in */,
				D00355612280497B00159AD6 /* dfont2res.c */,
				D00355622280497B00159AD6 /* res2data.c */,
				D00355632280497B00159AD6 /* ufond.c */,
			);
			path = "DfontSplitter-embedded-fondu";
			sourceTree = "<group>";
		};
		D059908024A539FC00CB71B5 /* DfontSplitterCLI */ = {
			isa = PBXGroup;
			children = (
				D059908124A539FC00CB71B5 /* main.swift */,
			);
			path = DfontSplitterCLI;
			sourceTree = "<group>";
		};
		D07E39E124CDA3E2009D4341 /* DfontSplitterUITests */ = {
			isa = PBXGroup;
			children = (
				D07E39E224CDA3E2009D4341 /* DfontSplitterUITests.swift */,
				D07E39E424CDA3E2009D4341 /* Info.plist */,
			);
			path = DfontSplitterUITests;
			sourceTree = "<group>";
		};
		D087A543219567B2003C24DA = {
			isa = PBXGroup;
			children = (
				D0FA4EC622C88F4900FCC02B /* dsa_pub.pem */,
				D0DDA4A822C88AF600A113B7 /* Podfile */,
				D087A54E219567B2003C24DA /* DfontSplitter */,
				D087A561219567B4003C24DA /* DfontSplitterTests */,
				D059908024A539FC00CB71B5 /* DfontSplitterCLI */,
				D07E39E124CDA3E2009D4341 /* DfontSplitterUITests */,
				D087A54D219567B2003C24DA /* Products */,
				D09306D422039FB400D939E6 /* Frameworks */,
				A85F13BCCFF490F7F66B0D3E /* Pods */,
			);
			sourceTree = "<group>";
		};
		D087A54D219567B2003C24DA /* Products */ = {
			isa = PBXGroup;
			children = (
				D087A54C219567B2003C24DA /* DfontSplitter.app */,
				D087A55E219567B4003C24DA /* DfontSplitterTests.xctest */,
				D09306982203998600D939E6 /* DfontSplitter-embedded-fondu */,
				D059907F24A539FC00CB71B5 /* DfontSplitterCLI */,
				D07E39E024CDA3E2009D4341 /* DfontSplitterUITests.xctest */,
			);
			name = Products;
			sourceTree = "<group>";
		};
		D087A54E219567B2003C24DA /* DfontSplitter */ = {
			isa = PBXGroup;
			children = (
				D0FA4ECE22C9207100FCC02B /* PreferencesViewController.swift */,
				D0A32D60232F52120037A067 /* AcknowledgementsViewController.swift */,
				70D70ED828BCFFC7000880F5 /* Preferences.storyboard */,
				D0DDA4A122C8826800A113B7 /* fontforge-tools */,
				D003553A2280497B00159AD6 /* DfontSplitter-embedded-fondu */,
				D00DAC0B228046310069B1E2 /* DfontSplitter-embedded-fondu-Bridging-Header.h */,
				D087A54F219567B2003C24DA /* AppDelegate.swift */,
				D087A551219567B2003C24DA /* ViewController.swift */,
				D087A553219567B4003C24DA /* Assets.xcassets */,
				D087A555219567B4003C24DA /* Main.storyboard */,
				D087A558219567B4003C24DA /* Info.plist */,
				D087A559219567B4003C24DA /* DfontSplitter.entitlements */,
				D09306D92203A6D100D939E6 /* DragDropTableView.swift */,
				D0FA4ECC22C91A9D00FCC02B /* PreferencesWindowController.swift */,
				70D70EDD28BCFFFB000880F5 /* Acknowledgements.storyboard */,
				D0A32D5E232F4E0A0037A067 /* AcknowledgementsWindowController.swift */,
			);
			path = DfontSplitter;
			sourceTree = "<group>";
		};
		D087A561219567B4003C24DA /* DfontSplitterTests */ = {
			isa = PBXGroup;
			children = (
				D087A562219567B4003C24DA /* DfontSplitterTests.swift */,
				D0A19E67247EE3EF00B8464C /* TestPlan.xctestplan */,
				D087A564219567B4003C24DA /* Info.plist */,
				D0A19E68247EE86400B8464C /* Utils.swift */,
				D0A19E6B247EF46600B8464C /* NonRedistTests.swift */,
			);
			path = DfontSplitterTests;
			sourceTree = "<group>";
		};
		D09306D422039FB400D939E6 /* Frameworks */ = {
			isa = PBXGroup;
			children = (
				D09306D722039FC200D939E6 /* Carbon.framework */,
				D09306D522039FB400D939E6 /* CoreServices.framework */,
				BF3B64AE1638E4398DD85CE8 /* Pods_DfontSplitter.framework */,
				C2EBC7485C72BD97EBC13803 /* Pods_DfontSplitter_embedded_fondu.framework */,
				D0CBE25D22AE99E0F157535A /* Pods_DfontSplitterTests.framework */,
				2D621D1FB683FCD5B91C654C /* Pods_DfontSplitterUITests.framework */,
			);
			name = Frameworks;
			sourceTree = "<group>";
		};
		D0DDA4A122C8826800A113B7 /* fontforge-tools */ = {
			isa = PBXGroup;
			children = (
				D0DDA4A222C8828E00A113B7 /* stripttc.h */,
				D0DDA4A322C8828E00A113B7 /* stripttc.c */,
			);
			path = "fontforge-tools";
			sourceTree = "<group>";
		};
/* End PBXGroup section */

/* Begin PBXHeadersBuildPhase section */
		D00355382280485500159AD6 /* Headers */ = {
			isa = PBXHeadersBuildPhase;
			buildActionMask = 2147483647;
			files = (
				D0DDA4A422C8828E00A113B7 /* stripttc.h in Headers */,
			);
			runOnlyForDeploymentPostprocessing = 0;
		};
/* End PBXHeadersBuildPhase section */

/* Begin PBXNativeTarget section */
		D059907E24A539FC00CB71B5 /* DfontSplitterCLI */ = {
			isa = PBXNativeTarget;
			buildConfigurationList = D059908524A539FC00CB71B5 /* Build configuration list for PBXNativeTarget "DfontSplitterCLI" */;
			buildPhases = (
				D059907B24A539FC00CB71B5 /* Sources */,
				D059907C24A539FC00CB71B5 /* Frameworks */,
				D059907D24A539FC00CB71B5 /* CopyFiles */,
			);
			buildRules = (
			);
			dependencies = (
				D0A80D0E24A785F500C7722C /* PBXTargetDependency */,
			);
			name = DfontSplitterCLI;
			productName = DfontSplitterCLI;
			productReference = D059907F24A539FC00CB71B5 /* DfontSplitterCLI */;
			productType = "com.apple.product-type.tool";
		};
		D07E39DF24CDA3E2009D4341 /* DfontSplitterUITests */ = {
			isa = PBXNativeTarget;
			buildConfigurationList = D07E39E924CDA3E2009D4341 /* Build configuration list for PBXNativeTarget "DfontSplitterUITests" */;
			buildPhases = (
				D07E39DC24CDA3E2009D4341 /* Sources */,
				D07E39DD24CDA3E2009D4341 /* Frameworks */,
				D07E39DE24CDA3E2009D4341 /* Resources */,
			);
			buildRules = (
			);
			dependencies = (
				D07E39E624CDA3E2009D4341 /* PBXTargetDependency */,
			);
			name = DfontSplitterUITests;
			productName = DfontSplitterUITests;
			productReference = D07E39E024CDA3E2009D4341 /* DfontSplitterUITests.xctest */;
			productType = "com.apple.product-type.bundle.ui-testing";
		};
		D087A54B219567B2003C24DA /* DfontSplitter */ = {
			isa = PBXNativeTarget;
			buildConfigurationList = D087A572219567B4003C24DA /* Build configuration list for PBXNativeTarget "DfontSplitter" */;
			buildPhases = (
				39DE2DF15BCAF90A3C3DEAC8 /* [CP] Check Pods Manifest.lock */,
				D00355382280485500159AD6 /* Headers */,
				D087A548219567B2003C24DA /* Sources */,
				D087A549219567B2003C24DA /* Frameworks */,
				D087A54A219567B2003C24DA /* Resources */,
			);
			buildRules = (
			);
			dependencies = (
			);
			name = DfontSplitter;
			productName = DfontSplitter;
			productReference = D087A54C219567B2003C24DA /* DfontSplitter.app */;
			productType = "com.apple.product-type.application";
		};
		D087A55D219567B4003C24DA /* DfontSplitterTests */ = {
			isa = PBXNativeTarget;
			buildConfigurationList = D087A575219567B4003C24DA /* Build configuration list for PBXNativeTarget "DfontSplitterTests" */;
			buildPhases = (
				A16092ACEFA329C9334CB73F /* [CP] Check Pods Manifest.lock */,
				D087A55A219567B4003C24DA /* Sources */,
				D087A55B219567B4003C24DA /* Frameworks */,
				D087A55C219567B4003C24DA /* Resources */,
				D0A19E6A247EEE4F00B8464C /* ShellScript */,
			);
			buildRules = (
			);
			dependencies = (
				D087A560219567B4003C24DA /* PBXTargetDependency */,
			);
			name = DfontSplitterTests;
			productName = DfontSplitterTests;
			productReference = D087A55E219567B4003C24DA /* DfontSplitterTests.xctest */;
			productType = "com.apple.product-type.bundle.unit-test";
		};
		D09306972203998600D939E6 /* DfontSplitter-embedded-fondu */ = {
			isa = PBXNativeTarget;
			buildConfigurationList = D093069E2203998600D939E6 /* Build configuration list for PBXNativeTarget "DfontSplitter-embedded-fondu" */;
			buildPhases = (
				98B61ABFA06F343F8749EAA2 /* [CP] Check Pods Manifest.lock */,
				D09306942203998600D939E6 /* Sources */,
				D09306952203998600D939E6 /* Frameworks */,
				D09306962203998600D939E6 /* CopyFiles */,
			);
			buildRules = (
			);
			dependencies = (
			);
			name = "DfontSplitter-embedded-fondu";
			productName = "DfontSplitter-embedded-fondu";
			productReference = D09306982203998600D939E6 /* DfontSplitter-embedded-fondu */;
			productType = "com.apple.product-type.tool";
		};
/* End PBXNativeTarget section */

/* Begin PBXProject section */
		D087A544219567B2003C24DA /* Project object */ = {
			isa = PBXProject;
			attributes = {
				LastSwiftUpdateCheck = 1200;
				LastUpgradeCheck = 1010;
				ORGANIZATIONNAME = "Peter Upfold";
				TargetAttributes = {
					D059907E24A539FC00CB71B5 = {
						CreatedOnToolsVersion = 11.5;
					};
					D07E39DF24CDA3E2009D4341 = {
						CreatedOnToolsVersion = 12.0;
						TestTargetID = D087A54B219567B2003C24DA;
					};
					D087A54B219567B2003C24DA = {
						CreatedOnToolsVersion = 10.1;
						SystemCapabilities = {
							com.apple.HardenedRuntime = {
								enabled = 1;
							};
							com.apple.Sandbox = {
								enabled = 1;
							};
						};
					};
					D087A55D219567B4003C24DA = {
						CreatedOnToolsVersion = 10.1;
						TestTargetID = D087A54B219567B2003C24DA;
					};
					D09306972203998600D939E6 = {
						CreatedOnToolsVersion = 10.1;
						LastSwiftMigration = 1020;
					};
				};
			};
			buildConfigurationList = D087A547219567B2003C24DA /* Build configuration list for PBXProject "DfontSplitter" */;
			compatibilityVersion = "Xcode 12.0";
			developmentRegion = en;
			hasScannedForEncodings = 0;
			knownRegions = (
				en,
				Base,
				ja,
				"en-GB",
				"en-US",
			);
			mainGroup = D087A543219567B2003C24DA;
			productRefGroup = D087A54D219567B2003C24DA /* Products */;
			projectDirPath = "";
			projectRoot = "";
			targets = (
				D087A54B219567B2003C24DA /* DfontSplitter */,
				D087A55D219567B4003C24DA /* DfontSplitterTests */,
				D09306972203998600D939E6 /* DfontSplitter-embedded-fondu */,
				D059907E24A539FC00CB71B5 /* DfontSplitterCLI */,
				D07E39DF24CDA3E2009D4341 /* DfontSplitterUITests */,
			);
		};
/* End PBXProject section */

/* Begin PBXResourcesBuildPhase section */
		D07E39DE24CDA3E2009D4341 /* Resources */ = {
			isa = PBXResourcesBuildPhase;
			buildActionMask = 2147483647;
			files = (
			);
			runOnlyForDeploymentPostprocessing = 0;
		};
		D087A54A219567B2003C24DA /* Resources */ = {
			isa = PBXResourcesBuildPhase;
			buildActionMask = 2147483647;
			files = (
				D0DDA4A922C88AF700A113B7 /* Podfile in Resources */,
				70D70EDB28BCFFFB000880F5 /* Acknowledgements.storyboard in Resources */,
				D087A554219567B4003C24DA /* Assets.xcassets in Resources */,
				D0FA4EC722C88F4B00FCC02B /* dsa_pub.pem in Resources */,
				70D70ED628BCFFC7000880F5 /* Preferences.storyboard in Resources */,
				D087A557219567B4003C24DA /* Main.storyboard in Resources */,
			);
			runOnlyForDeploymentPostprocessing = 0;
		};
		D087A55C219567B4003C24DA /* Resources */ = {
			isa = PBXResourcesBuildPhase;
			buildActionMask = 2147483647;
			files = (
			);
			runOnlyForDeploymentPostprocessing = 0;
		};
/* End PBXResourcesBuildPhase section */

/* Begin PBXShellScriptBuildPhase section */
		39DE2DF15BCAF90A3C3DEAC8 /* [CP] Check Pods Manifest.lock */ = {
			isa = PBXShellScriptBuildPhase;
			buildActionMask = 2147483647;
			files = (
			);
			inputFileListPaths = (
			);
			inputPaths = (
				"${PODS_PODFILE_DIR_PATH}/Podfile.lock",
				"${PODS_ROOT}/Manifest.lock",
			);
			name = "[CP] Check Pods Manifest.lock";
			outputFileListPaths = (
			);
			outputPaths = (
				"$(DERIVED_FILE_DIR)/Pods-DfontSplitter-checkManifestLockResult.txt",
			);
			runOnlyForDeploymentPostprocessing = 0;
			shellPath = /bin/sh;
			shellScript = "diff \"${PODS_PODFILE_DIR_PATH}/Podfile.lock\" \"${PODS_ROOT}/Manifest.lock\" > /dev/null\nif [ $? != 0 ] ; then\n    # print error to STDERR\n    echo \"error: The sandbox is not in sync with the Podfile.lock. Run 'pod install' or update your CocoaPods installation.\" >&2\n    exit 1\nfi\n# This output is used by Xcode 'outputs' to avoid re-running this script phase.\necho \"SUCCESS\" > \"${SCRIPT_OUTPUT_FILE_0}\"\n";
			showEnvVarsInLog = 0;
		};
		98B61ABFA06F343F8749EAA2 /* [CP] Check Pods Manifest.lock */ = {
			isa = PBXShellScriptBuildPhase;
			buildActionMask = 2147483647;
			files = (
			);
			inputFileListPaths = (
			);
			inputPaths = (
				"${PODS_PODFILE_DIR_PATH}/Podfile.lock",
				"${PODS_ROOT}/Manifest.lock",
			);
			name = "[CP] Check Pods Manifest.lock";
			outputFileListPaths = (
			);
			outputPaths = (
				"$(DERIVED_FILE_DIR)/Pods-DfontSplitter-embedded-fondu-checkManifestLockResult.txt",
			);
			runOnlyForDeploymentPostprocessing = 0;
			shellPath = /bin/sh;
			shellScript = "diff \"${PODS_PODFILE_DIR_PATH}/Podfile.lock\" \"${PODS_ROOT}/Manifest.lock\" > /dev/null\nif [ $? != 0 ] ; then\n    # print error to STDERR\n    echo \"error: The sandbox is not in sync with the Podfile.lock. Run 'pod install' or update your CocoaPods installation.\" >&2\n    exit 1\nfi\n# This output is used by Xcode 'outputs' to avoid re-running this script phase.\necho \"SUCCESS\" > \"${SCRIPT_OUTPUT_FILE_0}\"\n";
			showEnvVarsInLog = 0;
		};
		A16092ACEFA329C9334CB73F /* [CP] Check Pods Manifest.lock */ = {
			isa = PBXShellScriptBuildPhase;
			buildActionMask = 2147483647;
			files = (
			);
			inputFileListPaths = (
			);
			inputPaths = (
				"${PODS_PODFILE_DIR_PATH}/Podfile.lock",
				"${PODS_ROOT}/Manifest.lock",
			);
			name = "[CP] Check Pods Manifest.lock";
			outputFileListPaths = (
			);
			outputPaths = (
				"$(DERIVED_FILE_DIR)/Pods-DfontSplitterTests-checkManifestLockResult.txt",
			);
			runOnlyForDeploymentPostprocessing = 0;
			shellPath = /bin/sh;
			shellScript = "diff \"${PODS_PODFILE_DIR_PATH}/Podfile.lock\" \"${PODS_ROOT}/Manifest.lock\" > /dev/null\nif [ $? != 0 ] ; then\n    # print error to STDERR\n    echo \"error: The sandbox is not in sync with the Podfile.lock. Run 'pod install' or update your CocoaPods installation.\" >&2\n    exit 1\nfi\n# This output is used by Xcode 'outputs' to avoid re-running this script phase.\necho \"SUCCESS\" > \"${SCRIPT_OUTPUT_FILE_0}\"\n";
			showEnvVarsInLog = 0;
		};
		D0A19E6A247EEE4F00B8464C /* ShellScript */ = {
			isa = PBXShellScriptBuildPhase;
			buildActionMask = 2147483647;
			files = (
			);
			inputFileListPaths = (
			);
			inputPaths = (
			);
			outputFileListPaths = (
			);
			outputPaths = (
			);
			runOnlyForDeploymentPostprocessing = 0;
			shellPath = /bin/sh;
			shellScript = "# Type a script or drag a script file from your workspace to insert its path.\nmkdir -p $HOME/Library/Containers/uk.org.upfold.DfontSplitter/Data/SampleFiles/\nrsync -avh SampleFiles/ $HOME/Library/Containers/uk.org.upfold.DfontSplitter/Data/SampleFiles/\n";
		};
/* End PBXShellScriptBuildPhase section */

/* Begin PBXSourcesBuildPhase section */
		D059907B24A539FC00CB71B5 /* Sources */ = {
			isa = PBXSourcesBuildPhase;
			buildActionMask = 2147483647;
			files = (
				D0A80D1224A7880900C7722C /* readnfnt.c in Sources */,
				D0A80D1124A7880100C7722C /* fondups.c in Sources */,
				D0A80D1024A787FD00C7722C /* stripttc.c in Sources */,
				D0A80D0F24A787B700C7722C /* fondu.c in Sources */,
				D059908224A539FC00CB71B5 /* main.swift in Sources */,
			);
			runOnlyForDeploymentPostprocessing = 0;
		};
		D07E39DC24CDA3E2009D4341 /* Sources */ = {
			isa = PBXSourcesBuildPhase;
			buildActionMask = 2147483647;
			files = (
				D07E39E324CDA3E2009D4341 /* DfontSplitterUITests.swift in Sources */,
			);
			runOnlyForDeploymentPostprocessing = 0;
		};
		D087A548219567B2003C24DA /* Sources */ = {
			isa = PBXSourcesBuildPhase;
			buildActionMask = 2147483647;
			files = (
				D087A552219567B2003C24DA /* ViewController.swift in Sources */,
				D087A550219567B2003C24DA /* AppDelegate.swift in Sources */,
				D0FA4ECF22C9207100FCC02B /* PreferencesViewController.swift in Sources */,
				D0035565228049BC00159AD6 /* fondu.c in Sources */,
				D0A32D61232F52120037A067 /* AcknowledgementsViewController.swift in Sources */,
				D0A32D5F232F4E0A0037A067 /* AcknowledgementsWindowController.swift in Sources */,
				D0DDA4A522C8828E00A113B7 /* stripttc.c in Sources */,
				D0035564228049B900159AD6 /* fondups.c in Sources */,
				D0FA4ECD22C91A9D00FCC02B /* PreferencesWindowController.swift in Sources */,
				D0035566228049DF00159AD6 /* readnfnt.c in Sources */,
				D09306DA2203A6D100D939E6 /* DragDropTableView.swift in Sources */,
			);
			runOnlyForDeploymentPostprocessing = 0;
		};
		D087A55A219567B4003C24DA /* Sources */ = {
			isa = PBXSourcesBuildPhase;
			buildActionMask = 2147483647;
			files = (
				D087A563219567B4003C24DA /* DfontSplitterTests.swift in Sources */,
				D0A19E69247EE86400B8464C /* Utils.swift in Sources */,
				D0A19E6C247EF46600B8464C /* NonRedistTests.swift in Sources */,
			);
			runOnlyForDeploymentPostprocessing = 0;
		};
		D09306942203998600D939E6 /* Sources */ = {
			isa = PBXSourcesBuildPhase;
			buildActionMask = 2147483647;
			files = (
			);
			runOnlyForDeploymentPostprocessing = 0;
		};
/* End PBXSourcesBuildPhase section */

/* Begin PBXTargetDependency section */
		D07E39E624CDA3E2009D4341 /* PBXTargetDependency */ = {
			isa = PBXTargetDependency;
			target = D087A54B219567B2003C24DA /* DfontSplitter */;
			targetProxy = D07E39E524CDA3E2009D4341 /* PBXContainerItemProxy */;
		};
		D087A560219567B4003C24DA /* PBXTargetDependency */ = {
			isa = PBXTargetDependency;
			target = D087A54B219567B2003C24DA /* DfontSplitter */;
			targetProxy = D087A55F219567B4003C24DA /* PBXContainerItemProxy */;
		};
		D0A80D0E24A785F500C7722C /* PBXTargetDependency */ = {
			isa = PBXTargetDependency;
			target = D087A54B219567B2003C24DA /* DfontSplitter */;
			targetProxy = D0A80D0D24A785F500C7722C /* PBXContainerItemProxy */;
		};
/* End PBXTargetDependency section */

/* Begin PBXVariantGroup section */
		70D70ED828BCFFC7000880F5 /* Preferences.storyboard */ = {
			isa = PBXVariantGroup;
			children = (
				70D70ED728BCFFC7000880F5 /* Base */,
				70D70EDA28BCFFCC000880F5 /* en */,
				70D70EE028BD001C000880F5 /* ja */,
				704B170429D8BEF0001FCB44 /* en-GB */,
				704B170729D8BF01001FCB44 /* en-US */,
			);
			name = Preferences.storyboard;
			sourceTree = "<group>";
		};
		70D70EDD28BCFFFB000880F5 /* Acknowledgements.storyboard */ = {
			isa = PBXVariantGroup;
			children = (
				70D70EDC28BCFFFB000880F5 /* Base */,
				70D70EDF28BCFFFF000880F5 /* en */,
				70D70EE228BD001C000880F5 /* ja */,
				704B170629D8BEF0001FCB44 /* en-GB */,
				704B170929D8BF01001FCB44 /* en-US */,
			);
			name = Acknowledgements.storyboard;
			sourceTree = "<group>";
		};
		D087A555219567B4003C24DA /* Main.storyboard */ = {
			isa = PBXVariantGroup;
			children = (
				D087A556219567B4003C24DA /* Base */,
				70D70EE128BD001C000880F5 /* ja */,
				70D70EE428BD0022000880F5 /* en */,
				704B170529D8BEF0001FCB44 /* en-GB */,
				704B170829D8BF01001FCB44 /* en-US */,
			);
			name = Main.storyboard;
			sourceTree = "<group>";
		};
/* End PBXVariantGroup section */

/* Begin XCBuildConfiguration section */
		D059908324A539FC00CB71B5 /* Debug */ = {
			isa = XCBuildConfiguration;
			buildSettings = {
				CODE_SIGN_STYLE = Automatic;
				DEVELOPMENT_TEAM = 4P6R7ZH883;
				ENABLE_HARDENED_RUNTIME = YES;
				MACOSX_DEPLOYMENT_TARGET = 10.15;
				PRODUCT_NAME = "$(TARGET_NAME)";
				SWIFT_OBJC_BRIDGING_HEADER = "../DfontSplitter/DfontSplitter/DfontSplitter-embedded-fondu-Bridging-Header.h";
				SWIFT_PRECOMPILE_BRIDGING_HEADER = YES;
				SWIFT_VERSION = 5.0;
			};
			name = Debug;
		};
		D059908424A539FC00CB71B5 /* Release */ = {
			isa = XCBuildConfiguration;
			buildSettings = {
				CODE_SIGN_STYLE = Automatic;
				DEVELOPMENT_TEAM = 4P6R7ZH883;
				ENABLE_HARDENED_RUNTIME = YES;
				MACOSX_DEPLOYMENT_TARGET = 10.15;
				PRODUCT_NAME = "$(TARGET_NAME)";
				SWIFT_OBJC_BRIDGING_HEADER = "../DfontSplitter/DfontSplitter/DfontSplitter-embedded-fondu-Bridging-Header.h";
				SWIFT_PRECOMPILE_BRIDGING_HEADER = YES;
				SWIFT_VERSION = 5.0;
			};
			name = Release;
		};
		D07E39E724CDA3E2009D4341 /* Debug */ = {
			isa = XCBuildConfiguration;
			buildSettings = {
				CLANG_WARN_QUOTED_INCLUDE_IN_FRAMEWORK_HEADER = YES;
				CODE_SIGN_STYLE = Automatic;
				COMBINE_HIDPI_IMAGES = YES;
				DEVELOPMENT_TEAM = 4P6R7ZH883;
				INFOPLIST_FILE = DfontSplitterUITests/Info.plist;
				LD_RUNPATH_SEARCH_PATHS = (
					"$(inherited)",
					"@executable_path/../Frameworks",
					"@loader_path/../Frameworks",
				);
				MACOSX_DEPLOYMENT_TARGET = 10.15;
				PRODUCT_BUNDLE_IDENTIFIER = uk.org.upfold.DfontSplitterUITests;
				PRODUCT_NAME = "$(TARGET_NAME)";
				SWIFT_VERSION = 5.0;
				TEST_TARGET_NAME = DfontSplitter;
			};
			name = Debug;
		};
		D07E39E824CDA3E2009D4341 /* Release */ = {
			isa = XCBuildConfiguration;
			buildSettings = {
				CLANG_WARN_QUOTED_INCLUDE_IN_FRAMEWORK_HEADER = YES;
				CODE_SIGN_STYLE = Automatic;
				COMBINE_HIDPI_IMAGES = YES;
				DEVELOPMENT_TEAM = 4P6R7ZH883;
				INFOPLIST_FILE = DfontSplitterUITests/Info.plist;
				LD_RUNPATH_SEARCH_PATHS = (
					"$(inherited)",
					"@executable_path/../Frameworks",
					"@loader_path/../Frameworks",
				);
				MACOSX_DEPLOYMENT_TARGET = 10.15;
				PRODUCT_BUNDLE_IDENTIFIER = uk.org.upfold.DfontSplitterUITests;
				PRODUCT_NAME = "$(TARGET_NAME)";
				SWIFT_VERSION = 5.0;
				TEST_TARGET_NAME = DfontSplitter;
			};
			name = Release;
		};
		D087A570219567B4003C24DA /* Debug */ = {
			isa = XCBuildConfiguration;
			buildSettings = {
				ALWAYS_SEARCH_USER_PATHS = NO;
				CLANG_ANALYZER_LOCALIZABILITY_NONLOCALIZED = YES;
				CLANG_ANALYZER_NONNULL = YES;
				CLANG_ANALYZER_NUMBER_OBJECT_CONVERSION = YES_AGGRESSIVE;
				CLANG_CXX_LANGUAGE_STANDARD = "gnu++14";
				CLANG_CXX_LIBRARY = "libc++";
				CLANG_ENABLE_MODULES = YES;
				CLANG_ENABLE_OBJC_ARC = YES;
				CLANG_ENABLE_OBJC_WEAK = YES;
				CLANG_WARN_BLOCK_CAPTURE_AUTORELEASING = YES;
				CLANG_WARN_BOOL_CONVERSION = YES;
				CLANG_WARN_COMMA = YES;
				CLANG_WARN_CONSTANT_CONVERSION = YES;
				CLANG_WARN_DEPRECATED_OBJC_IMPLEMENTATIONS = YES;
				CLANG_WARN_DIRECT_OBJC_ISA_USAGE = YES_ERROR;
				CLANG_WARN_DOCUMENTATION_COMMENTS = YES;
				CLANG_WARN_EMPTY_BODY = YES;
				CLANG_WARN_ENUM_CONVERSION = YES;
				CLANG_WARN_INFINITE_RECURSION = YES;
				CLANG_WARN_INT_CONVERSION = YES;
				CLANG_WARN_NON_LITERAL_NULL_CONVERSION = YES;
				CLANG_WARN_OBJC_IMPLICIT_RETAIN_SELF = YES;
				CLANG_WARN_OBJC_LITERAL_CONVERSION = YES;
				CLANG_WARN_OBJC_ROOT_CLASS = YES_ERROR;
				CLANG_WARN_RANGE_LOOP_ANALYSIS = YES;
				CLANG_WARN_STRICT_PROTOTYPES = YES;
				CLANG_WARN_SUSPICIOUS_MOVE = YES;
				CLANG_WARN_UNGUARDED_AVAILABILITY = YES_AGGRESSIVE;
				CLANG_WARN_UNREACHABLE_CODE = YES;
				CLANG_WARN__DUPLICATE_METHOD_MATCH = YES;
				CODE_SIGN_IDENTITY = "Mac Developer";
				COPY_PHASE_STRIP = NO;
				DEBUG_INFORMATION_FORMAT = dwarf;
				ENABLE_STRICT_OBJC_MSGSEND = YES;
				ENABLE_TESTABILITY = YES;
				GCC_C_LANGUAGE_STANDARD = gnu11;
				GCC_DYNAMIC_NO_PIC = NO;
				GCC_NO_COMMON_BLOCKS = YES;
				GCC_OPTIMIZATION_LEVEL = 0;
				GCC_PREPROCESSOR_DEFINITIONS = (
					"DEBUG=1",
					"$(inherited)",
				);
				GCC_WARN_64_TO_32_BIT_CONVERSION = YES;
				GCC_WARN_ABOUT_RETURN_TYPE = YES_ERROR;
				GCC_WARN_UNDECLARED_SELECTOR = YES;
				GCC_WARN_UNINITIALIZED_AUTOS = YES_AGGRESSIVE;
				GCC_WARN_UNUSED_FUNCTION = YES;
				GCC_WARN_UNUSED_VARIABLE = YES;
				MACOSX_DEPLOYMENT_TARGET = 10.14;
				MTL_ENABLE_DEBUG_INFO = INCLUDE_SOURCE;
				MTL_FAST_MATH = YES;
				ONLY_ACTIVE_ARCH = YES;
				SDKROOT = macosx;
				SWIFT_ACTIVE_COMPILATION_CONDITIONS = DEBUG;
				SWIFT_OPTIMIZATION_LEVEL = "-Onone";
			};
			name = Debug;
		};
		D087A571219567B4003C24DA /* Release */ = {
			isa = XCBuildConfiguration;
			buildSettings = {
				ALWAYS_SEARCH_USER_PATHS = NO;
				CLANG_ANALYZER_LOCALIZABILITY_NONLOCALIZED = YES;
				CLANG_ANALYZER_NONNULL = YES;
				CLANG_ANALYZER_NUMBER_OBJECT_CONVERSION = YES_AGGRESSIVE;
				CLANG_CXX_LANGUAGE_STANDARD = "gnu++14";
				CLANG_CXX_LIBRARY = "libc++";
				CLANG_ENABLE_MODULES = YES;
				CLANG_ENABLE_OBJC_ARC = YES;
				CLANG_ENABLE_OBJC_WEAK = YES;
				CLANG_WARN_BLOCK_CAPTURE_AUTORELEASING = YES;
				CLANG_WARN_BOOL_CONVERSION = YES;
				CLANG_WARN_COMMA = YES;
				CLANG_WARN_CONSTANT_CONVERSION = YES;
				CLANG_WARN_DEPRECATED_OBJC_IMPLEMENTATIONS = YES;
				CLANG_WARN_DIRECT_OBJC_ISA_USAGE = YES_ERROR;
				CLANG_WARN_DOCUMENTATION_COMMENTS = YES;
				CLANG_WARN_EMPTY_BODY = YES;
				CLANG_WARN_ENUM_CONVERSION = YES;
				CLANG_WARN_INFINITE_RECURSION = YES;
				CLANG_WARN_INT_CONVERSION = YES;
				CLANG_WARN_NON_LITERAL_NULL_CONVERSION = YES;
				CLANG_WARN_OBJC_IMPLICIT_RETAIN_SELF = YES;
				CLANG_WARN_OBJC_LITERAL_CONVERSION = YES;
				CLANG_WARN_OBJC_ROOT_CLASS = YES_ERROR;
				CLANG_WARN_RANGE_LOOP_ANALYSIS = YES;
				CLANG_WARN_STRICT_PROTOTYPES = YES;
				CLANG_WARN_SUSPICIOUS_MOVE = YES;
				CLANG_WARN_UNGUARDED_AVAILABILITY = YES_AGGRESSIVE;
				CLANG_WARN_UNREACHABLE_CODE = YES;
				CLANG_WARN__DUPLICATE_METHOD_MATCH = YES;
				CODE_SIGN_IDENTITY = "Mac Developer";
				COPY_PHASE_STRIP = NO;
				DEBUG_INFORMATION_FORMAT = "dwarf-with-dsym";
				ENABLE_NS_ASSERTIONS = NO;
				ENABLE_STRICT_OBJC_MSGSEND = YES;
				GCC_C_LANGUAGE_STANDARD = gnu11;
				GCC_NO_COMMON_BLOCKS = YES;
				GCC_WARN_64_TO_32_BIT_CONVERSION = YES;
				GCC_WARN_ABOUT_RETURN_TYPE = YES_ERROR;
				GCC_WARN_UNDECLARED_SELECTOR = YES;
				GCC_WARN_UNINITIALIZED_AUTOS = YES_AGGRESSIVE;
				GCC_WARN_UNUSED_FUNCTION = YES;
				GCC_WARN_UNUSED_VARIABLE = YES;
				MACOSX_DEPLOYMENT_TARGET = 10.14;
				MTL_ENABLE_DEBUG_INFO = NO;
				MTL_FAST_MATH = YES;
				SDKROOT = macosx;
				SWIFT_COMPILATION_MODE = wholemodule;
				SWIFT_OPTIMIZATION_LEVEL = "-O";
			};
			name = Release;
		};
		D087A573219567B4003C24DA /* Debug */ = {
			isa = XCBuildConfiguration;
			baseConfigurationReference = 75329A30D10C8F4D9D7ECA29 /* Pods-DfontSplitter.debug.xcconfig */;
			buildSettings = {
				ASSETCATALOG_COMPILER_APPICON_NAME = AppIcon;
				CODE_SIGN_ENTITLEMENTS = DfontSplitter/DfontSplitter.entitlements;
				CODE_SIGN_STYLE = Automatic;
				COMBINE_HIDPI_IMAGES = YES;
				CURRENT_PROJECT_VERSION = 15;
				DEVELOPMENT_TEAM = 4P6R7ZH883;
				ENABLE_HARDENED_RUNTIME = YES;
				INFOPLIST_FILE = DfontSplitter/Info.plist;
				LD_RUNPATH_SEARCH_PATHS = (
					"$(inherited)",
					"@executable_path/../Frameworks",
				);
				MACOSX_DEPLOYMENT_TARGET = 10.14;
				MARKETING_VERSION = 1.2;
				PRODUCT_BUNDLE_IDENTIFIER = uk.org.upfold.DfontSplitter;
				PRODUCT_NAME = "$(TARGET_NAME)";
				SWIFT_OBJC_BRIDGING_HEADER = "DfontSplitter/DfontSplitter-embedded-fondu-Bridging-Header.h";
				SWIFT_VERSION = 4.2;
			};
			name = Debug;
		};
		D087A574219567B4003C24DA /* Release */ = {
			isa = XCBuildConfiguration;
			baseConfigurationReference = DC99AE0B973E171FA53A2F9D /* Pods-DfontSplitter.release.xcconfig */;
			buildSettings = {
				ASSETCATALOG_COMPILER_APPICON_NAME = AppIcon;
				CODE_SIGN_ENTITLEMENTS = DfontSplitter/DfontSplitter.entitlements;
				CODE_SIGN_STYLE = Automatic;
				COMBINE_HIDPI_IMAGES = YES;
				CURRENT_PROJECT_VERSION = 15;
				DEVELOPMENT_TEAM = 4P6R7ZH883;
				ENABLE_HARDENED_RUNTIME = YES;
				INFOPLIST_FILE = DfontSplitter/Info.plist;
				LD_RUNPATH_SEARCH_PATHS = (
					"$(inherited)",
					"@executable_path/../Frameworks",
				);
				MACOSX_DEPLOYMENT_TARGET = 10.14;
				MARKETING_VERSION = 1.2;
				PRODUCT_BUNDLE_IDENTIFIER = uk.org.upfold.DfontSplitter;
				PRODUCT_NAME = "$(TARGET_NAME)";
				SWIFT_OBJC_BRIDGING_HEADER = "DfontSplitter/DfontSplitter-embedded-fondu-Bridging-Header.h";
				SWIFT_VERSION = 4.2;
			};
			name = Release;
		};
		D087A576219567B4003C24DA /* Debug */ = {
			isa = XCBuildConfiguration;
			baseConfigurationReference = 97CA0132BF6DB3484AED35E0 /* Pods-DfontSplitterTests.debug.xcconfig */;
			buildSettings = {
				ALWAYS_EMBED_SWIFT_STANDARD_LIBRARIES = YES;
				BUNDLE_LOADER = "$(TEST_HOST)";
				CODE_SIGN_STYLE = Automatic;
				COMBINE_HIDPI_IMAGES = YES;
				DEVELOPMENT_TEAM = 4P6R7ZH883;
				INFOPLIST_FILE = DfontSplitterTests/Info.plist;
				LD_RUNPATH_SEARCH_PATHS = (
					"$(inherited)",
					"@executable_path/../Frameworks",
					"@loader_path/../Frameworks",
				);
				PRODUCT_BUNDLE_IDENTIFIER = uk.org.upfold.DfontSplitterTests;
				PRODUCT_NAME = "$(TARGET_NAME)";
				SWIFT_OBJC_BRIDGING_HEADER = "DfontSplitter/DfontSplitter-embedded-fondu-Bridging-Header.h";
				SWIFT_VERSION = 4.2;
				TEST_HOST = "$(BUILT_PRODUCTS_DIR)/DfontSplitter.app/Contents/MacOS/DfontSplitter";
			};
			name = Debug;
		};
		D087A577219567B4003C24DA /* Release */ = {
			isa = XCBuildConfiguration;
			baseConfigurationReference = 9E116242642845A209675A2A /* Pods-DfontSplitterTests.release.xcconfig */;
			buildSettings = {
				ALWAYS_EMBED_SWIFT_STANDARD_LIBRARIES = YES;
				BUNDLE_LOADER = "$(TEST_HOST)";
				CODE_SIGN_STYLE = Automatic;
				COMBINE_HIDPI_IMAGES = YES;
				DEVELOPMENT_TEAM = 4P6R7ZH883;
				INFOPLIST_FILE = DfontSplitterTests/Info.plist;
				LD_RUNPATH_SEARCH_PATHS = (
					"$(inherited)",
					"@executable_path/../Frameworks",
					"@loader_path/../Frameworks",
				);
				PRODUCT_BUNDLE_IDENTIFIER = uk.org.upfold.DfontSplitterTests;
				PRODUCT_NAME = "$(TARGET_NAME)";
				SWIFT_OBJC_BRIDGING_HEADER = "DfontSplitter/DfontSplitter-embedded-fondu-Bridging-Header.h";
				SWIFT_VERSION = 4.2;
				TEST_HOST = "$(BUILT_PRODUCTS_DIR)/DfontSplitter.app/Contents/MacOS/DfontSplitter";
			};
			name = Release;
		};
		D093069C2203998600D939E6 /* Debug */ = {
			isa = XCBuildConfiguration;
			baseConfigurationReference = 362AC96289C0162E3B69918E /* Pods-DfontSplitter-embedded-fondu.debug.xcconfig */;
			buildSettings = {
				CLANG_ENABLE_MODULES = YES;
				CODE_SIGN_STYLE = Automatic;
				DEVELOPMENT_TEAM = 4P6R7ZH883;
				LD_RUNPATH_SEARCH_PATHS = (
					"$(inherited)",
					"@executable_path/../Frameworks",
					"@loader_path/../Frameworks",
				);
				PRODUCT_NAME = "$(TARGET_NAME)";
				SWIFT_OBJC_BRIDGING_HEADER = "DfontSplitter-embedded-fondu/DfontSplitter-embedded-fondu-Bridging-Header.h";
				SWIFT_OPTIMIZATION_LEVEL = "-Onone";
				SWIFT_VERSION = 5.0;
			};
			name = Debug;
		};
		D093069D2203998600D939E6 /* Release */ = {
			isa = XCBuildConfiguration;
			baseConfigurationReference = D9A13CC1AE96D971FD71B056 /* Pods-DfontSplitter-embedded-fondu.release.xcconfig */;
			buildSettings = {
				CLANG_ENABLE_MODULES = YES;
				CODE_SIGN_STYLE = Automatic;
				DEVELOPMENT_TEAM = 4P6R7ZH883;
				LD_RUNPATH_SEARCH_PATHS = (
					"$(inherited)",
					"@executable_path/../Frameworks",
					"@loader_path/../Frameworks",
				);
				PRODUCT_NAME = "$(TARGET_NAME)";
				SWIFT_OBJC_BRIDGING_HEADER = "DfontSplitter-embedded-fondu/DfontSplitter-embedded-fondu-Bridging-Header.h";
				SWIFT_VERSION = 5.0;
			};
			name = Release;
		};
/* End XCBuildConfiguration section */

/* Begin XCConfigurationList section */
		D059908524A539FC00CB71B5 /* Build configuration list for PBXNativeTarget "DfontSplitterCLI" */ = {
			isa = XCConfigurationList;
			buildConfigurations = (
				D059908324A539FC00CB71B5 /* Debug */,
				D059908424A539FC00CB71B5 /* Release */,
			);
			defaultConfigurationIsVisible = 0;
			defaultConfigurationName = Release;
		};
		D07E39E924CDA3E2009D4341 /* Build configuration list for PBXNativeTarget "DfontSplitterUITests" */ = {
			isa = XCConfigurationList;
			buildConfigurations = (
				D07E39E724CDA3E2009D4341 /* Debug */,
				D07E39E824CDA3E2009D4341 /* Release */,
			);
			defaultConfigurationIsVisible = 0;
			defaultConfigurationName = Release;
		};
		D087A547219567B2003C24DA /* Build configuration list for PBXProject "DfontSplitter" */ = {
			isa = XCConfigurationList;
			buildConfigurations = (
				D087A570219567B4003C24DA /* Debug */,
				D087A571219567B4003C24DA /* Release */,
			);
			defaultConfigurationIsVisible = 0;
			defaultConfigurationName = Release;
		};
		D087A572219567B4003C24DA /* Build configuration list for PBXNativeTarget "DfontSplitter" */ = {
			isa = XCConfigurationList;
			buildConfigurations = (
				D087A573219567B4003C24DA /* Debug */,
				D087A574219567B4003C24DA /* Release */,
			);
			defaultConfigurationIsVisible = 0;
			defaultConfigurationName = Release;
		};
		D087A575219567B4003C24DA /* Build configuration list for PBXNativeTarget "DfontSplitterTests" */ = {
			isa = XCConfigurationList;
			buildConfigurations = (
				D087A576219567B4003C24DA /* Debug */,
				D087A577219567B4003C24DA /* Release */,
			);
			defaultConfigurationIsVisible = 0;
			defaultConfigurationName = Release;
		};
		D093069E2203998600D939E6 /* Build configuration list for PBXNativeTarget "DfontSplitter-embedded-fondu" */ = {
			isa = XCConfigurationList;
			buildConfigurations = (
				D093069C2203998600D939E6 /* Debug */,
				D093069D2203998600D939E6 /* Release */,
			);
			defaultConfigurationIsVisible = 0;
			defaultConfigurationName = Release;
		};
/* End XCConfigurationList section */
	};
	rootObject = D087A544219567B2003C24DA /* Project object */;
}
